
Microsoft Visual Studio Solution File, Format Version 12.00
# Visual Studio 15
VisualStudioVersion = 15.0.27004.2005
MinimumVisualStudioVersion = 10.0.40219.1
Project("{E24C65DC-7377-472B-9ABA-BC803B73C61A}") = "MeetMe", "..\MeetMe\", "{AC2D0A8A-34AE-4625-A7E0-84C07AC0D0E6}"
	ProjectSection(WebsiteProperties) = preProject
		TargetFrameworkMoniker = ".NETFramework,Version%3Dv4.6"
		Debug.AspNetCompiler.VirtualPath = "/localhost_57658"
		Debug.AspNetCompiler.PhysicalPath = "..\MeetMe\"
		Debug.AspNetCompiler.TargetPath = "PrecompiledWeb\localhost_57658\"
		Debug.AspNetCompiler.Updateable = "true"
		Debug.AspNetCompiler.ForceOverwrite = "true"
		Debug.AspNetCompiler.FixedNames = "false"
		Debug.AspNetCompiler.Debug = "True"
		Release.AspNetCompiler.VirtualPath = "/localhost_57658"
		Release.AspNetCompiler.PhysicalPath = "..\MeetMe\"
		Release.AspNetCompiler.TargetPath = "PrecompiledWeb\localhost_57658\"
		Release.AspNetCompiler.Updateable = "true"
		Release.AspNetCompiler.ForceOverwrite = "true"
		Release.AspNetCompiler.FixedNames = "false"
		Release.AspNetCompiler.Debug = "False"
		VWDPort = "57658"
		SlnRelativePath = "..\MeetMe\"
	EndProjectSection
EndProject
Global
	GlobalSection(SolutionConfigurationPlatforms) = preSolution
		Debug|Any CPU = Debug|Any CPU
	EndGlobalSection
	GlobalSection(ProjectConfigurationPlatforms) = postSolution
		{AC2D0A8A-34AE-4625-A7E0-84C07AC0D0E6}.Debug|Any CPU.ActiveCfg = Debug|Any CPU
		{AC2D0A8A-34AE-4625-A7E0-84C07AC0D0E6}.Debug|Any CPU.Build.0 = Debug|Any CPU
	EndGlobalSection
	GlobalSection(SolutionProperties) = preSolution
		HideSolutionNode = FALSE
	EndGlobalSection
	GlobalSection(ExtensibilityGlobals) = postSolution
		SolutionGuid = {DD163C9D-2B64-4638-87A9-08D3821DA844}
	EndGlobalSection
EndGlobal
